
Microsoft Visual Studio Solution File, Format Version 12.00
# Visual Studio Version 17
VisualStudioVersion = 17.2.32519.379
MinimumVisualStudioVersion = 10.0.40219.1
Project("{9A19103F-16F7-4668-BE54-9A1E7A4F7556}") = "BooksStore", "BooksStore\BooksStore.csproj", "{9E31C3FC-304E-4C9F-A34E-34EFBE4CBFC8}"
EndProject
Project("{FAE04EC0-301F-11D3-BF4B-00C04F79EFBC}") = "BookStore.DataAccess", "BookStore.DataAccess\BookStore.DataAccess.csproj", "{D5CC93D9-D45B-470D-B95F-FAC3BADA5DEB}"
EndProject
Project("{FAE04EC0-301F-11D3-BF4B-00C04F79EFBC}") = "BookStore.Models", "BookStore.Models\BookStore.Models.csproj", "{5FAEE01A-C4F0-4323-8DF4-3D716917DFC4}"
EndProject
Project("{FAE04EC0-301F-11D3-BF4B-00C04F79EFBC}") = "BookStore.Utility", "BookStore.Utility\BookStore.Utility.csproj", "{ED84B52D-38C0-49C3-B711-0857EB045787}"
EndProject
Global
	GlobalSection(SolutionConfigurationPlatforms) = preSolution
		Debug|Any CPU = Debug|Any CPU
		Release|Any CPU = Release|Any CPU
	EndGlobalSection
	GlobalSection(ProjectConfigurationPlatforms) = postSolution
		{9E31C3FC-304E-4C9F-A34E-34EFBE4CBFC8}.Debug|Any CPU.ActiveCfg = Debug|Any CPU
		{9E31C3FC-304E-4C9F-A34E-34EFBE4CBFC8}.Debug|Any CPU.Build.0 = Debug|Any CPU
		{9E31C3FC-304E-4C9F-A34E-34EFBE4CBFC8}.Release|Any CPU.ActiveCfg = Release|Any CPU
		{9E31C3FC-304E-4C9F-A34E-34EFBE4CBFC8}.Release|Any CPU.Build.0 = Release|Any CPU
		{D5CC93D9-D45B-470D-B95F-FAC3BADA5DEB}.Debug|Any CPU.ActiveCfg = Debug|Any CPU
		{D5CC93D9-D45B-470D-B95F-FAC3BADA5DEB}.Debug|Any CPU.Build.0 = Debug|Any CPU
		{D5CC93D9-D45B-470D-B95F-FAC3BADA5DEB}.Release|Any CPU.ActiveCfg = Release|Any CPU
		{D5CC93D9-D45B-470D-B95F-FAC3BADA5DEB}.Release|Any CPU.Build.0 = Release|Any CPU
		{5FAEE01A-C4F0-4323-8DF4-3D716917DFC4}.Debug|Any CPU.ActiveCfg = Debug|Any CPU
		{5FAEE01A-C4F0-4323-8DF4-3D716917DFC4}.Debug|Any CPU.Build.0 = Debug|Any CPU
		{5FAEE01A-C4F0-4323-8DF4-3D716917DFC4}.Release|Any CPU.ActiveCfg = Release|Any CPU
		{5FAEE01A-C4F0-4323-8DF4-3D716917DFC4}.Release|Any CPU.Build.0 = Release|Any CPU
		{ED84B52D-38C0-49C3-B711-0857EB045787}.Debug|Any CPU.ActiveCfg = Debug|Any CPU
		{ED84B52D-38C0-49C3-B711-0857EB045787}.Debug|Any CPU.Build.0 = Debug|Any CPU
		{ED84B52D-38C0-49C3-B711-0857EB045787}.Release|Any CPU.ActiveCfg = Release|Any CPU
		{ED84B52D-38C0-49C3-B711-0857EB045787}.Release|Any CPU.Build.0 = Release|Any CPU
	EndGlobalSection
	GlobalSection(SolutionProperties) = preSolution
		HideSolutionNode = FALSE
	EndGlobalSection
	GlobalSection(ExtensibilityGlobals) = postSolution
		SolutionGuid = {B3081D15-22ED-4926-9D72-143DF430986F}
	EndGlobalSection
EndGlobal
